
Microsoft Visual Studio Solution File, Format Version 12.00
# Visual Studio Version 16
VisualStudioVersion = 25.0.1706.14
MinimumVisualStudioVersion = 10.0.40219.1
Project("{FAE04EC0-301F-11D3-BF4B-00C04F79EFBC}") = "Balynor_DB", "Balynor_DB\Balynor_DB.csproj", "{4C2CF7E4-CAAA-4B0C-B7F4-17CE1449CD26}"
EndProject
Global
	GlobalSection(SolutionConfigurationPlatforms) = preSolution
		Debug|Any CPU = Debug|Any CPU
		Release|Any CPU = Release|Any CPU
	EndGlobalSection
	GlobalSection(ProjectConfigurationPlatforms) = postSolution
		{4C2CF7E4-CAAA-4B0C-B7F4-17CE1449CD26}.Debug|Any CPU.ActiveCfg = Debug|Any CPU
		{4C2CF7E4-CAAA-4B0C-B7F4-17CE1449CD26}.Debug|Any CPU.Build.0 = Debug|Any CPU
		{4C2CF7E4-CAAA-4B0C-B7F4-17CE1449CD26}.Release|Any CPU.ActiveCfg = Release|Any CPU
		{4C2CF7E4-CAAA-4B0C-B7F4-17CE1449CD26}.Release|Any CPU.Build.0 = Release|Any CPU
	EndGlobalSection
	GlobalSection(SolutionProperties) = preSolution
		HideSolutionNode = FALSE
	EndGlobalSection
	GlobalSection(ExtensibilityGlobals) = postSolution
		SolutionGuid = {5561FE20-7BA7-4B19-A223-55BB9DDC90BF}
	EndGlobalSection
EndGlobal
